
Microsoft Visual Studio Solution File, Format Version 12.00
# Visual Studio Version 17
VisualStudioVersion = 17.5.33516.290
MinimumVisualStudioVersion = 10.0.40219.1
Project("{FAE04EC0-301F-11D3-BF4B-00C04F79EFBC}") = "Cliente", "Cliente.csproj", "{B8E2226A-84DB-44D8-8117-F9B8E8894E47}"
EndProject
Global
	GlobalSection(SolutionConfigurationPlatforms) = preSolution
		Debug|Any CPU = Debug|Any CPU
		Release|Any CPU = Release|Any CPU
	EndGlobalSection
	GlobalSection(ProjectConfigurationPlatforms) = postSolution
		{B8E2226A-84DB-44D8-8117-F9B8E8894E47}.Debug|Any CPU.ActiveCfg = Debug|Any CPU
		{B8E2226A-84DB-44D8-8117-F9B8E8894E47}.Debug|Any CPU.Build.0 = Debug|Any CPU
		{B8E2226A-84DB-44D8-8117-F9B8E8894E47}.Release|Any CPU.ActiveCfg = Release|Any CPU
		{B8E2226A-84DB-44D8-8117-F9B8E8894E47}.Release|Any CPU.Build.0 = Release|Any CPU
	EndGlobalSection
	GlobalSection(SolutionProperties) = preSolution
		HideSolutionNode = FALSE
	EndGlobalSection
	GlobalSection(ExtensibilityGlobals) = postSolution
		SolutionGuid = {08D5C256-BC5A-4892-8B40-B0F3F5221A3B}
	EndGlobalSection
EndGlobal
